
Microsoft Visual Studio Solution File, Format Version 12.00
# Visual Studio Version 16
VisualStudioVersion = 16.0.29324.140
MinimumVisualStudioVersion = 10.0.40219.1
Project("{FAE04EC0-301F-11D3-BF4B-00C04F79EFBC}") = "Practicse1", "Practicse1.csproj", "{922EB1B1-C31F-4275-A11C-3C0A4BF5F586}"
EndProject
Global
	GlobalSection(SolutionConfigurationPlatforms) = preSolution
		Debug|Any CPU = Debug|Any CPU
		Release|Any CPU = Release|Any CPU
	EndGlobalSection
	GlobalSection(ProjectConfigurationPlatforms) = postSolution
		{922EB1B1-C31F-4275-A11C-3C0A4BF5F586}.Debug|Any CPU.ActiveCfg = Debug|Any CPU
		{922EB1B1-C31F-4275-A11C-3C0A4BF5F586}.Debug|Any CPU.Build.0 = Debug|Any CPU
		{922EB1B1-C31F-4275-A11C-3C0A4BF5F586}.Release|Any CPU.ActiveCfg = Release|Any CPU
		{922EB1B1-C31F-4275-A11C-3C0A4BF5F586}.Release|Any CPU.Build.0 = Release|Any CPU
	EndGlobalSection
	GlobalSection(SolutionProperties) = preSolution
		HideSolutionNode = FALSE
	EndGlobalSection
	GlobalSection(ExtensibilityGlobals) = postSolution
		SolutionGuid = {2BB9D439-39E2-4F86-A054-658849600D8B}
	EndGlobalSection
EndGlobal
